Microsoft Visual Studio Solution File, Format Version 11.00
# Visual Studio 2010
Project("{8BC9CEB8-8B4A-11D0-8D11-00A0C91BC942}") = "JK2cgame", "cgame\JK2_cgame.vcxproj", "{58428DCA-B0D1-DEC0-C4B9-F8FCF4A9033C}"
EndProject
Project("{8BC9CEB8-8B4A-11D0-8D11-00A0C91BC942}") = "JK2game", "game\JK2_game.vcxproj", "{535E7A15-D58C-49A1-2ACA-65C8DC133CC5}"
EndProject
Project("{8BC9CEB8-8B4A-11D0-8D11-00A0C91BC942}") = "botlib", "botlib\botlib.vcxproj", "{67098C73-CABC-3D5C-1A07-7EE55C2F7E8B}"
EndProject
Project("{8BC9CEB8-8B4A-11D0-8D11-00A0C91BC942}") = "ui", "ui\ui.vcxproj", "{896F60F3-4A90-937D-4EB7-801A43967DD3}"
EndProject
Project("{2150E333-8FDC-42A3-9474-1A3956D46DE8}") = "Solution Items", "Solution Items", "{5E438101-8366-4A0C-A31A-7CD05F3B14E1}"
EndProject
Global
	GlobalSection(SolutionConfigurationPlatforms) = preSolution
		Debug(SH)|Win32 = Debug(SH)|Win32
		Debug|Win32 = Debug|Win32
		Final|Win32 = Final|Win32
		Release|Win32 = Release|Win32
	EndGlobalSection
	GlobalSection(ProjectConfigurationPlatforms) = postSolution
		{58428DCA-B0D1-DEC0-C4B9-F8FCF4A9033C}.Debug(SH)|Win32.ActiveCfg = Debug(SH)|Win32
		{58428DCA-B0D1-DEC0-C4B9-F8FCF4A9033C}.Debug(SH)|Win32.Build.0 = Debug(SH)|Win32
		{58428DCA-B0D1-DEC0-C4B9-F8FCF4A9033C}.Debug|Win32.ActiveCfg = Debug|Win32
		{58428DCA-B0D1-DEC0-C4B9-F8FCF4A9033C}.Final|Win32.ActiveCfg = Final|Win32
		{58428DCA-B0D1-DEC0-C4B9-F8FCF4A9033C}.Final|Win32.Build.0 = Final|Win32
		{58428DCA-B0D1-DEC0-C4B9-F8FCF4A9033C}.Release|Win32.ActiveCfg = Release|Win32
		{535E7A15-D58C-49A1-2ACA-65C8DC133CC5}.Debug(SH)|Win32.ActiveCfg = Debug(SH)|Win32
		{535E7A15-D58C-49A1-2ACA-65C8DC133CC5}.Debug(SH)|Win32.Build.0 = Debug(SH)|Win32
		{535E7A15-D58C-49A1-2ACA-65C8DC133CC5}.Debug|Win32.ActiveCfg = Debug|Win32
		{535E7A15-D58C-49A1-2ACA-65C8DC133CC5}.Final|Win32.ActiveCfg = Final|Win32
		{535E7A15-D58C-49A1-2ACA-65C8DC133CC5}.Final|Win32.Build.0 = Final|Win32
		{535E7A15-D58C-49A1-2ACA-65C8DC133CC5}.Release|Win32.ActiveCfg = Release|Win32
		{67098C73-CABC-3D5C-1A07-7EE55C2F7E8B}.Debug(SH)|Win32.ActiveCfg = Debug(SH)|Win32
		{67098C73-CABC-3D5C-1A07-7EE55C2F7E8B}.Debug(SH)|Win32.Build.0 = Debug(SH)|Win32
		{67098C73-CABC-3D5C-1A07-7EE55C2F7E8B}.Debug|Win32.ActiveCfg = Debug|Win32
		{67098C73-CABC-3D5C-1A07-7EE55C2F7E8B}.Final|Win32.ActiveCfg = Final|Win32
		{67098C73-CABC-3D5C-1A07-7EE55C2F7E8B}.Final|Win32.Build.0 = Final|Win32
		{67098C73-CABC-3D5C-1A07-7EE55C2F7E8B}.Release|Win32.ActiveCfg = Release|Win32
		{896F60F3-4A90-937D-4EB7-801A43967DD3}.Debug(SH)|Win32.ActiveCfg = Debug(SH)|Win32
		{896F60F3-4A90-937D-4EB7-801A43967DD3}.Debug(SH)|Win32.Build.0 = Debug(SH)|Win32
		{896F60F3-4A90-937D-4EB7-801A43967DD3}.Debug|Win32.ActiveCfg = Debug|Win32
		{896F60F3-4A90-937D-4EB7-801A43967DD3}.Final|Win32.ActiveCfg = Final|Win32
		{896F60F3-4A90-937D-4EB7-801A43967DD3}.Final|Win32.Build.0 = Final|Win32
		{896F60F3-4A90-937D-4EB7-801A43967DD3}.Release|Win32.ActiveCfg = Release|Win32
	EndGlobalSection
	GlobalSection(SolutionProperties) = preSolution
		HideSolutionNode = FALSE
	EndGlobalSection
	GlobalSection(DevPartner Solution Properties) = postSolution
	EndGlobalSection
	GlobalSection(DevPartner) = postSolution
	EndGlobalSection
	GlobalSection(DevPartner) = postSolution
	EndGlobalSection
EndGlobal
