Microsoft Visual Studio Solution File, Format Version 11.00
# Visual Studio 2010
Project("{8BC9CEB8-8B4A-11D0-8D11-00A0C91BC942}") = "JK2cgame", "cgame\JK2_cgame.vcxproj", "{38300547-ACC5-96B1-C447-73C98377B44A}"
EndProject
Project("{8BC9CEB8-8B4A-11D0-8D11-00A0C91BC942}") = "JK2game", "game\JK2_game.vcxproj", "{05C7ACD8-8173-F485-9E94-0E4063F1C7BA}"
EndProject
Project("{8BC9CEB8-8B4A-11D0-8D11-00A0C91BC942}") = "botlib", "botlib\botlib.vcxproj", "{11D9EF2A-83E5-A4A5-DF1E-58A3545638E3}"
EndProject
Project("{8BC9CEB8-8B4A-11D0-8D11-00A0C91BC942}") = "ui", "ui\ui.vcxproj", "{9D676FD8-E883-1F17-907E-1C9C61DD5BFD}"
EndProject
Project("{2150E333-8FDC-42A3-9474-1A3956D46DE8}") = "Solution Items", "Solution Items", "{5E438101-8366-4A0C-A31A-7CD05F3B14E1}"
EndProject
Global
	GlobalSection(SolutionConfigurationPlatforms) = preSolution
		Debug(SH)|Win32 = Debug(SH)|Win32
		Debug|Win32 = Debug|Win32
		Final|Win32 = Final|Win32
		Release|Win32 = Release|Win32
	EndGlobalSection
	GlobalSection(ProjectConfigurationPlatforms) = postSolution
		{38300547-ACC5-96B1-C447-73C98377B44A}.Debug(SH)|Win32.ActiveCfg = Debug(SH)|Win32
		{38300547-ACC5-96B1-C447-73C98377B44A}.Debug(SH)|Win32.Build.0 = Debug(SH)|Win32
		{38300547-ACC5-96B1-C447-73C98377B44A}.Debug|Win32.ActiveCfg = Debug|Win32
		{38300547-ACC5-96B1-C447-73C98377B44A}.Final|Win32.ActiveCfg = Final|Win32
		{38300547-ACC5-96B1-C447-73C98377B44A}.Final|Win32.Build.0 = Final|Win32
		{38300547-ACC5-96B1-C447-73C98377B44A}.Release|Win32.ActiveCfg = Release|Win32
		{05C7ACD8-8173-F485-9E94-0E4063F1C7BA}.Debug(SH)|Win32.ActiveCfg = Debug(SH)|Win32
		{05C7ACD8-8173-F485-9E94-0E4063F1C7BA}.Debug(SH)|Win32.Build.0 = Debug(SH)|Win32
		{05C7ACD8-8173-F485-9E94-0E4063F1C7BA}.Debug|Win32.ActiveCfg = Debug|Win32
		{05C7ACD8-8173-F485-9E94-0E4063F1C7BA}.Final|Win32.ActiveCfg = Final|Win32
		{05C7ACD8-8173-F485-9E94-0E4063F1C7BA}.Final|Win32.Build.0 = Final|Win32
		{05C7ACD8-8173-F485-9E94-0E4063F1C7BA}.Release|Win32.ActiveCfg = Release|Win32
		{11D9EF2A-83E5-A4A5-DF1E-58A3545638E3}.Debug(SH)|Win32.ActiveCfg = Debug(SH)|Win32
		{11D9EF2A-83E5-A4A5-DF1E-58A3545638E3}.Debug(SH)|Win32.Build.0 = Debug(SH)|Win32
		{11D9EF2A-83E5-A4A5-DF1E-58A3545638E3}.Debug|Win32.ActiveCfg = Debug|Win32
		{11D9EF2A-83E5-A4A5-DF1E-58A3545638E3}.Final|Win32.ActiveCfg = Final|Win32
		{11D9EF2A-83E5-A4A5-DF1E-58A3545638E3}.Final|Win32.Build.0 = Final|Win32
		{11D9EF2A-83E5-A4A5-DF1E-58A3545638E3}.Release|Win32.ActiveCfg = Release|Win32
		{9D676FD8-E883-1F17-907E-1C9C61DD5BFD}.Debug(SH)|Win32.ActiveCfg = Debug(SH)|Win32
		{9D676FD8-E883-1F17-907E-1C9C61DD5BFD}.Debug(SH)|Win32.Build.0 = Debug(SH)|Win32
		{9D676FD8-E883-1F17-907E-1C9C61DD5BFD}.Debug|Win32.ActiveCfg = Debug|Win32
		{9D676FD8-E883-1F17-907E-1C9C61DD5BFD}.Final|Win32.ActiveCfg = Final|Win32
		{9D676FD8-E883-1F17-907E-1C9C61DD5BFD}.Final|Win32.Build.0 = Final|Win32
		{9D676FD8-E883-1F17-907E-1C9C61DD5BFD}.Release|Win32.ActiveCfg = Release|Win32
	EndGlobalSection
	GlobalSection(SolutionProperties) = preSolution
		HideSolutionNode = FALSE
	EndGlobalSection
	GlobalSection(DevPartner Solution Properties) = postSolution
	EndGlobalSection
	GlobalSection(DevPartner) = postSolution
	EndGlobalSection
	GlobalSection(DevPartner) = postSolution
	EndGlobalSection
EndGlobal
