Microsoft Visual Studio Solution File, Format Version 11.00
# Visual Studio 2010
Project("{8BC9CEB8-8B4A-11D0-8D11-00A0C91BC942}") = "JK2cgame", "cgame\JK2_cgame.vcxproj", "{DB1C8F56-8B14-9560-33B0-AFA2789FA0ED}"
EndProject
Project("{8BC9CEB8-8B4A-11D0-8D11-00A0C91BC942}") = "JK2game", "game\JK2_game.vcxproj", "{BFD8BFE3-05CE-976C-9D5D-1755FC1CC03F}"
EndProject
Project("{8BC9CEB8-8B4A-11D0-8D11-00A0C91BC942}") = "botlib", "botlib\botlib.vcxproj", "{BCCBC0C1-DCAE-87AA-A583-C9FBEC6CDDBD}"
EndProject
Project("{8BC9CEB8-8B4A-11D0-8D11-00A0C91BC942}") = "ui", "ui\ui.vcxproj", "{E6555BC8-0AF1-F80E-FD6B-7EF36E276F13}"
EndProject
Project("{2150E333-8FDC-42A3-9474-1A3956D46DE8}") = "Solution Items", "Solution Items", "{5E438101-8366-4A0C-A31A-7CD05F3B14E1}"
EndProject
Global
	GlobalSection(SolutionConfigurationPlatforms) = preSolution
		Debug(SH)|Win32 = Debug(SH)|Win32
		Debug|Win32 = Debug|Win32
		Final|Win32 = Final|Win32
		Release|Win32 = Release|Win32
	EndGlobalSection
	GlobalSection(ProjectConfigurationPlatforms) = postSolution
		{DB1C8F56-8B14-9560-33B0-AFA2789FA0ED}.Debug(SH)|Win32.ActiveCfg = Debug(SH)|Win32
		{DB1C8F56-8B14-9560-33B0-AFA2789FA0ED}.Debug(SH)|Win32.Build.0 = Debug(SH)|Win32
		{DB1C8F56-8B14-9560-33B0-AFA2789FA0ED}.Debug|Win32.ActiveCfg = Debug|Win32
		{DB1C8F56-8B14-9560-33B0-AFA2789FA0ED}.Final|Win32.ActiveCfg = Final|Win32
		{DB1C8F56-8B14-9560-33B0-AFA2789FA0ED}.Final|Win32.Build.0 = Final|Win32
		{DB1C8F56-8B14-9560-33B0-AFA2789FA0ED}.Release|Win32.ActiveCfg = Release|Win32
		{BFD8BFE3-05CE-976C-9D5D-1755FC1CC03F}.Debug(SH)|Win32.ActiveCfg = Debug(SH)|Win32
		{BFD8BFE3-05CE-976C-9D5D-1755FC1CC03F}.Debug(SH)|Win32.Build.0 = Debug(SH)|Win32
		{BFD8BFE3-05CE-976C-9D5D-1755FC1CC03F}.Debug|Win32.ActiveCfg = Debug|Win32
		{BFD8BFE3-05CE-976C-9D5D-1755FC1CC03F}.Final|Win32.ActiveCfg = Final|Win32
		{BFD8BFE3-05CE-976C-9D5D-1755FC1CC03F}.Final|Win32.Build.0 = Final|Win32
		{BFD8BFE3-05CE-976C-9D5D-1755FC1CC03F}.Release|Win32.ActiveCfg = Release|Win32
		{BCCBC0C1-DCAE-87AA-A583-C9FBEC6CDDBD}.Debug(SH)|Win32.ActiveCfg = Debug(SH)|Win32
		{BCCBC0C1-DCAE-87AA-A583-C9FBEC6CDDBD}.Debug(SH)|Win32.Build.0 = Debug(SH)|Win32
		{BCCBC0C1-DCAE-87AA-A583-C9FBEC6CDDBD}.Debug|Win32.ActiveCfg = Debug|Win32
		{BCCBC0C1-DCAE-87AA-A583-C9FBEC6CDDBD}.Final|Win32.ActiveCfg = Final|Win32
		{BCCBC0C1-DCAE-87AA-A583-C9FBEC6CDDBD}.Final|Win32.Build.0 = Final|Win32
		{BCCBC0C1-DCAE-87AA-A583-C9FBEC6CDDBD}.Release|Win32.ActiveCfg = Release|Win32
		{E6555BC8-0AF1-F80E-FD6B-7EF36E276F13}.Debug(SH)|Win32.ActiveCfg = Debug(SH)|Win32
		{E6555BC8-0AF1-F80E-FD6B-7EF36E276F13}.Debug(SH)|Win32.Build.0 = Debug(SH)|Win32
		{E6555BC8-0AF1-F80E-FD6B-7EF36E276F13}.Debug|Win32.ActiveCfg = Debug|Win32
		{E6555BC8-0AF1-F80E-FD6B-7EF36E276F13}.Final|Win32.ActiveCfg = Final|Win32
		{E6555BC8-0AF1-F80E-FD6B-7EF36E276F13}.Final|Win32.Build.0 = Final|Win32
		{E6555BC8-0AF1-F80E-FD6B-7EF36E276F13}.Release|Win32.ActiveCfg = Release|Win32
	EndGlobalSection
	GlobalSection(SolutionProperties) = preSolution
		HideSolutionNode = FALSE
	EndGlobalSection
	GlobalSection(DevPartner Solution Properties) = postSolution
	EndGlobalSection
	GlobalSection(DevPartner) = postSolution
	EndGlobalSection
	GlobalSection(DevPartner) = postSolution
	EndGlobalSection
EndGlobal
